Microsoft Visual Studio Solution File, Format Version 12.00
# Visual Studio Version 17
VisualStudioVersion = 17.8.34309.116
MinimumVisualStudioVersion = 10.0.40219.1
Project("{8BC9CEB8-8B4A-11D0-8D11-00A0C91BC942}") = "TS0503", "TS0503\TS0503.vcxproj", "{01DB551F-9ADC-47C0-B5A4-A746A9231E1B}"
EndProject
Project("{8BC9CEB8-8B4A-11D0-8D11-00A0C91BC942}") = "TS0502", "TS0502\TS0502.vcxproj", "{CBB8F30E-644B-4498-BA67-31EDB6600BCD}"
EndProject
Project("{8BC9CEB8-8B4A-11D0-8D11-00A0C91BC942}") = "TS0501", "TS0501\TS0501.vcxproj", "{717DB8A6-2B9E-4F81-A826-43869C873D61}"
EndProject
Project("{8BC9CEB8-8B4A-11D0-8D11-00A0C91BC942}") = "TS0405", "TS0405\TS0405.vcxproj", "{FDCCC401-60DC-4D08-AF88-56D48620467D}"
EndProject
Project("{8BC9CEB8-8B4A-11D0-8D11-00A0C91BC942}") = "TS0404", "TS0404\TS0404.vcxproj", "{5B0015CB-19F0-4ADE-9A8E-69AE5BEEC196}"
EndProject
Project("{8BC9CEB8-8B4A-11D0-8D11-00A0C91BC942}") = "TS0403", "TS0403\TS0403.vcxproj", "{8CE0FE57-31ED-4CCE-BB4B-DD1104B5C2D2}"
EndProject
Project("{8BC9CEB8-8B4A-11D0-8D11-00A0C91BC942}") = "TS0402", "TS0402\TS0402.vcxproj", "{406E9DF3-57B2-4340-9AC5-D0E22A39C5EE}"
EndProject
Project("{8BC9CEB8-8B4A-11D0-8D11-00A0C91BC942}") = "TS0401", "TS0401\TS0401.vcxproj", "{A6C60DB5-68F1-41AC-9885-987F5BE82CEA}"
EndProject
Project("{8BC9CEB8-8B4A-11D0-8D11-00A0C91BC942}") = "TS0305", "TS0305\TS0305.vcxproj", "{8489B428-2F4F-48A5-A2B8-92699631A5E8}"
EndProject
Project("{8BC9CEB8-8B4A-11D0-8D11-00A0C91BC942}") = "TS0304", "TS0304\TS0304.vcxproj", "{FA58DA1C-1444-4B8A-AE24-F9BA69BAE6D9}"
EndProject
Project("{8BC9CEB8-8B4A-11D0-8D11-00A0C91BC942}") = "TS0303", "TS0303\TS0303.vcxproj", "{3A02F19E-75C1-44C0-8F90-F02274F7517C}"
EndProject
Project("{8BC9CEB8-8B4A-11D0-8D11-00A0C91BC942}") = "TS0504", "TS0504\TS0504.vcxproj", "{3221DD49-EF84-4EF1-8F7B-4065811CFF28}"
EndProject
Project("{8BC9CEB8-8B4A-11D0-8D11-00A0C91BC942}") = "TS0302", "TS0302\TS0302.vcxproj", "{6CB922E3-420D-4C89-B3DB-3A9B96D3CE93}"
EndProject
Project("{8BC9CEB8-8B4A-11D0-8D11-00A0C91BC942}") = "TS0206", "TS0206\TS0206.vcxproj", "{05882AF3-73D0-4D0E-B03E-04E91339B3A0}"
EndProject
Project("{8BC9CEB8-8B4A-11D0-8D11-00A0C91BC942}") = "TS0205", "TS0205\TS0205.vcxproj", "{8E008DB5-B435-4FC3-9197-EBE9A4973EA7}"
EndProject
Project("{8BC9CEB8-8B4A-11D0-8D11-00A0C91BC942}") = "TS0204", "TS0204\TS0204.vcxproj", "{C6610C58-B1DD-445F-8AA4-D3637C86640F}"
EndProject
Project("{8BC9CEB8-8B4A-11D0-8D11-00A0C91BC942}") = "TS0203", "TS0203\TS0203.vcxproj", "{62A431B5-5C11-432B-9B11-CC43B7EEDBB5}"
EndProject
Project("{8BC9CEB8-8B4A-11D0-8D11-00A0C91BC942}") = "TS0202", "TS0202\TS0202.vcxproj", "{E3E0A949-ADE3-475E-8A10-DAF0C40C70A3}"
EndProject
Project("{8BC9CEB8-8B4A-11D0-8D11-00A0C91BC942}") = "TS0201", "TS0201\TS0201.vcxproj", "{770E5CA3-2BF6-4D5C-8817-64F9B7654C47}"
EndProject
Project("{8BC9CEB8-8B4A-11D0-8D11-00A0C91BC942}") = "TS0105", "TS0105\TS0105.vcxproj", "{458A3C8D-C254-46B1-9632-2AC6B7EE24C1}"
EndProject
Project("{8BC9CEB8-8B4A-11D0-8D11-00A0C91BC942}") = "TS0104", "TS0104\TS0104.vcxproj", "{7792F266-6FDF-4437-B3F2-02A90FECD3E0}"
EndProject
Project("{8BC9CEB8-8B4A-11D0-8D11-00A0C91BC942}") = "TS0103", "TS0103\TS0103.vcxproj", "{1D9B84D7-94DA-4604-AE4E-1AABF13D8D7D}"
EndProject
Project("{8BC9CEB8-8B4A-11D0-8D11-00A0C91BC942}") = "TS0102", "TS0102\TS0102.vcxproj", "{F585808A-3A88-4A21-925B-5FAB1F72AE98}"
EndProject
Project("{8BC9CEB8-8B4A-11D0-8D11-00A0C91BC942}") = "TS0101", "TS0101\TS0101.vcxproj", "{3F7ECAF1-0B34-48F7-8228-E16F6B59DBE2}"
EndProject
Project("{8BC9CEB8-8B4A-11D0-8D11-00A0C91BC942}") = "TS0301", "TS0301\TS0301.vcxproj", "{49DA7550-AB0F-4802-80DA-7FF2235E2234}"
EndProject
Project("{8BC9CEB8-8B4A-11D0-8D11-00A0C91BC942}") = "TS0505", "TS0505\TS0505.vcxproj", "{7CF865EB-053F-4C16-B6F4-3AA4C3810E86}"
EndProject
Global
	GlobalSection(SolutionConfigurationPlatforms) = preSolution
		Debug|x64 = Debug|x64
		Debug|x86 = Debug|x86
		Release|x64 = Release|x64
		Release|x86 = Release|x86
	EndGlobalSection
	GlobalSection(ProjectConfigurationPlatforms) = postSolution
		{01DB551F-9ADC-47C0-B5A4-A746A9231E1B}.Debug|x64.ActiveCfg = Debug|x64
		{01DB551F-9ADC-47C0-B5A4-A746A9231E1B}.Debug|x64.Build.0 = Debug|x64
		{01DB551F-9ADC-47C0-B5A4-A746A9231E1B}.Debug|x86.ActiveCfg = Debug|Win32
		{01DB551F-9ADC-47C0-B5A4-A746A9231E1B}.Debug|x86.Build.0 = Debug|Win32
		{01DB551F-9ADC-47C0-B5A4-A746A9231E1B}.Release|x64.ActiveCfg = Release|x64
		{01DB551F-9ADC-47C0-B5A4-A746A9231E1B}.Release|x64.Build.0 = Release|x64
		{01DB551F-9ADC-47C0-B5A4-A746A9231E1B}.Release|x86.ActiveCfg = Release|Win32
		{01DB551F-9ADC-47C0-B5A4-A746A9231E1B}.Release|x86.Build.0 = Release|Win32
		{CBB8F30E-644B-4498-BA67-31EDB6600BCD}.Debug|x64.ActiveCfg = Debug|x64
		{CBB8F30E-644B-4498-BA67-31EDB6600BCD}.Debug|x64.Build.0 = Debug|x64
		{CBB8F30E-644B-4498-BA67-31EDB6600BCD}.Debug|x86.ActiveCfg = Debug|Win32
		{CBB8F30E-644B-4498-BA67-31EDB6600BCD}.Debug|x86.Build.0 = Debug|Win32
		{CBB8F30E-644B-4498-BA67-31EDB6600BCD}.Release|x64.ActiveCfg = Release|x64
		{CBB8F30E-644B-4498-BA67-31EDB6600BCD}.Release|x64.Build.0 = Release|x64
		{CBB8F30E-644B-4498-BA67-31EDB6600BCD}.Release|x86.ActiveCfg = Release|Win32
		{CBB8F30E-644B-4498-BA67-31EDB6600BCD}.Release|x86.Build.0 = Release|Win32
		{717DB8A6-2B9E-4F81-A826-43869C873D61}.Debug|x64.ActiveCfg = Debug|x64
		{717DB8A6-2B9E-4F81-A826-43869C873D61}.Debug|x64.Build.0 = Debug|x64
		{717DB8A6-2B9E-4F81-A826-43869C873D61}.Debug|x86.ActiveCfg = Debug|Win32
		{717DB8A6-2B9E-4F81-A826-43869C873D61}.Debug|x86.Build.0 = Debug|Win32
		{717DB8A6-2B9E-4F81-A826-43869C873D61}.Release|x64.ActiveCfg = Release|x64
		{717DB8A6-2B9E-4F81-A826-43869C873D61}.Release|x64.Build.0 = Release|x64
		{717DB8A6-2B9E-4F81-A826-43869C873D61}.Release|x86.ActiveCfg = Release|Win32
		{717DB8A6-2B9E-4F81-A826-43869C873D61}.Release|x86.Build.0 = Release|Win32
		{FDCCC401-60DC-4D08-AF88-56D48620467D}.Debug|x64.ActiveCfg = Debug|x64
		{FDCCC401-60DC-4D08-AF88-56D48620467D}.Debug|x64.Build.0 = Debug|x64
		{FDCCC401-60DC-4D08-AF88-56D48620467D}.Debug|x86.ActiveCfg = Debug|Win32
		{FDCCC401-60DC-4D08-AF88-56D48620467D}.Debug|x86.Build.0 = Debug|Win32
		{FDCCC401-60DC-4D08-AF88-56D48620467D}.Release|x64.ActiveCfg = Release|x64
		{FDCCC401-60DC-4D08-AF88-56D48620467D}.Release|x64.Build.0 = Release|x64
		{FDCCC401-60DC-4D08-AF88-56D48620467D}.Release|x86.ActiveCfg = Release|Win32
		{FDCCC401-60DC-4D08-AF88-56D48620467D}.Release|x86.Build.0 = Release|Win32
		{5B0015CB-19F0-4ADE-9A8E-69AE5BEEC196}.Debug|x64.ActiveCfg = Debug|x64
		{5B0015CB-19F0-4ADE-9A8E-69AE5BEEC196}.Debug|x64.Build.0 = Debug|x64
		{5B0015CB-19F0-4ADE-9A8E-69AE5BEEC196}.Debug|x86.ActiveCfg = Debug|Win32
		{5B0015CB-19F0-4ADE-9A8E-69AE5BEEC196}.Debug|x86.Build.0 = Debug|Win32
		{5B0015CB-19F0-4ADE-9A8E-69AE5BEEC196}.Release|x64.ActiveCfg = Release|x64
		{5B0015CB-19F0-4ADE-9A8E-69AE5BEEC196}.Release|x64.Build.0 = Release|x64
		{5B0015CB-19F0-4ADE-9A8E-69AE5BEEC196}.Release|x86.ActiveCfg = Release|Win32
		{5B0015CB-19F0-4ADE-9A8E-69AE5BEEC196}.Release|x86.Build.0 = Release|Win32
		{8CE0FE57-31ED-4CCE-BB4B-DD1104B5C2D2}.Debug|x64.ActiveCfg = Debug|x64
		{8CE0FE57-31ED-4CCE-BB4B-DD1104B5C2D2}.Debug|x64.Build.0 = Debug|x64
		{8CE0FE57-31ED-4CCE-BB4B-DD1104B5C2D2}.Debug|x86.ActiveCfg = Debug|Win32
		{8CE0FE57-31ED-4CCE-BB4B-DD1104B5C2D2}.Debug|x86.Build.0 = Debug|Win32
		{8CE0FE57-31ED-4CCE-BB4B-DD1104B5C2D2}.Release|x64.ActiveCfg = Release|x64
		{8CE0FE57-31ED-4CCE-BB4B-DD1104B5C2D2}.Release|x64.Build.0 = Release|x64
		{8CE0FE57-31ED-4CCE-BB4B-DD1104B5C2D2}.Release|x86.ActiveCfg = Release|Win32
		{8CE0FE57-31ED-4CCE-BB4B-DD1104B5C2D2}.Release|x86.Build.0 = Release|Win32
		{406E9DF3-57B2-4340-9AC5-D0E22A39C5EE}.Debug|x64.ActiveCfg = Debug|x64
		{406E9DF3-57B2-4340-9AC5-D0E22A39C5EE}.Debug|x64.Build.0 = Debug|x64
		{406E9DF3-57B2-4340-9AC5-D0E22A39C5EE}.Debug|x86.ActiveCfg = Debug|Win32
		{406E9DF3-57B2-4340-9AC5-D0E22A39C5EE}.Debug|x86.Build.0 = Debug|Win32
		{406E9DF3-57B2-4340-9AC5-D0E22A39C5EE}.Release|x64.ActiveCfg = Release|x64
		{406E9DF3-57B2-4340-9AC5-D0E22A39C5EE}.Release|x64.Build.0 = Release|x64
		{406E9DF3-57B2-4340-9AC5-D0E22A39C5EE}.Release|x86.ActiveCfg = Release|Win32
		{406E9DF3-57B2-4340-9AC5-D0E22A39C5EE}.Release|x86.Build.0 = Release|Win32
		{A6C60DB5-68F1-41AC-9885-987F5BE82CEA}.Debug|x64.ActiveCfg = Debug|x64
		{A6C60DB5-68F1-41AC-9885-987F5BE82CEA}.Debug|x64.Build.0 = Debug|x64
		{A6C60DB5-68F1-41AC-9885-987F5BE82CEA}.Debug|x86.ActiveCfg = Debug|Win32
		{A6C60DB5-68F1-41AC-9885-987F5BE82CEA}.Debug|x86.Build.0 = Debug|Win32
		{A6C60DB5-68F1-41AC-9885-987F5BE82CEA}.Release|x64.ActiveCfg = Release|x64
		{A6C60DB5-68F1-41AC-9885-987F5BE82CEA}.Release|x64.Build.0 = Release|x64
		{A6C60DB5-68F1-41AC-9885-987F5BE82CEA}.Release|x86.ActiveCfg = Release|Win32
		{A6C60DB5-68F1-41AC-9885-987F5BE82CEA}.Release|x86.Build.0 = Release|Win32
		{8489B428-2F4F-48A5-A2B8-92699631A5E8}.Debug|x64.ActiveCfg = Debug|x64
		{8489B428-2F4F-48A5-A2B8-92699631A5E8}.Debug|x64.Build.0 = Debug|x64
		{8489B428-2F4F-48A5-A2B8-92699631A5E8}.Debug|x86.ActiveCfg = Debug|Win32
		{8489B428-2F4F-48A5-A2B8-92699631A5E8}.Debug|x86.Build.0 = Debug|Win32
		{8489B428-2F4F-48A5-A2B8-92699631A5E8}.Release|x64.ActiveCfg = Release|x64
		{8489B428-2F4F-48A5-A2B8-92699631A5E8}.Release|x64.Build.0 = Release|x64
		{8489B428-2F4F-48A5-A2B8-92699631A5E8}.Release|x86.ActiveCfg = Release|Win32
		{8489B428-2F4F-48A5-A2B8-92699631A5E8}.Release|x86.Build.0 = Release|Win32
		{FA58DA1C-1444-4B8A-AE24-F9BA69BAE6D9}.Debug|x64.ActiveCfg = Debug|x64
		{FA58DA1C-1444-4B8A-AE24-F9BA69BAE6D9}.Debug|x64.Build.0 = Debug|x64
		{FA58DA1C-1444-4B8A-AE24-F9BA69BAE6D9}.Debug|x86.ActiveCfg = Debug|Win32
		{FA58DA1C-1444-4B8A-AE24-F9BA69BAE6D9}.Debug|x86.Build.0 = Debug|Win32
		{FA58DA1C-1444-4B8A-AE24-F9BA69BAE6D9}.Release|x64.ActiveCfg = Release|x64
		{FA58DA1C-1444-4B8A-AE24-F9BA69BAE6D9}.Release|x64.Build.0 = Release|x64
		{FA58DA1C-1444-4B8A-AE24-F9BA69BAE6D9}.Release|x86.ActiveCfg = Release|Win32
		{FA58DA1C-1444-4B8A-AE24-F9BA69BAE6D9}.Release|x86.Build.0 = Release|Win32
		{3A02F19E-75C1-44C0-8F90-F02274F7517C}.Debug|x64.ActiveCfg = Debug|x64
		{3A02F19E-75C1-44C0-8F90-F02274F7517C}.Debug|x64.Build.0 = Debug|x64
		{3A02F19E-75C1-44C0-8F90-F02274F7517C}.Debug|x86.ActiveCfg = Debug|Win32
		{3A02F19E-75C1-44C0-8F90-F02274F7517C}.Debug|x86.Build.0 = Debug|Win32
		{3A02F19E-75C1-44C0-8F90-F02274F7517C}.Release|x64.ActiveCfg = Release|x64
		{3A02F19E-75C1-44C0-8F90-F02274F7517C}.Release|x64.Build.0 = Release|x64
		{3A02F19E-75C1-44C0-8F90-F02274F7517C}.Release|x86.ActiveCfg = Release|Win32
		{3A02F19E-75C1-44C0-8F90-F02274F7517C}.Release|x86.Build.0 = Release|Win32
		{3221DD49-EF84-4EF1-8F7B-4065811CFF28}.Debug|x64.ActiveCfg = Debug|x64
		{3221DD49-EF84-4EF1-8F7B-4065811CFF28}.Debug|x64.Build.0 = Debug|x64
		{3221DD49-EF84-4EF1-8F7B-4065811CFF28}.Debug|x86.ActiveCfg = Debug|Win32
		{3221DD49-EF84-4EF1-8F7B-4065811CFF28}.Debug|x86.Build.0 = Debug|Win32
		{3221DD49-EF84-4EF1-8F7B-4065811CFF28}.Release|x64.ActiveCfg = Release|x64
		{3221DD49-EF84-4EF1-8F7B-4065811CFF28}.Release|x64.Build.0 = Release|x64
		{3221DD49-EF84-4EF1-8F7B-4065811CFF28}.Release|x86.ActiveCfg = Release|Win32
		{3221DD49-EF84-4EF1-8F7B-4065811CFF28}.Release|x86.Build.0 = Release|Win32
		{6CB922E3-420D-4C89-B3DB-3A9B96D3CE93}.Debug|x64.ActiveCfg = Debug|x64
		{6CB922E3-420D-4C89-B3DB-3A9B96D3CE93}.Debug|x64.Build.0 = Debug|x64
		{6CB922E3-420D-4C89-B3DB-3A9B96D3CE93}.Debug|x86.ActiveCfg = Debug|Win32
		{6CB922E3-420D-4C89-B3DB-3A9B96D3CE93}.Debug|x86.Build.0 = Debug|Win32
		{6CB922E3-420D-4C89-B3DB-3A9B96D3CE93}.Release|x64.ActiveCfg = Release|x64
		{6CB922E3-420D-4C89-B3DB-3A9B96D3CE93}.Release|x64.Build.0 = Release|x64
		{6CB922E3-420D-4C89-B3DB-3A9B96D3CE93}.Release|x86.ActiveCfg = Release|Win32
		{6CB922E3-420D-4C89-B3DB-3A9B96D3CE93}.Release|x86.Build.0 = Release|Win32
		{05882AF3-73D0-4D0E-B03E-04E91339B3A0}.Debug|x64.ActiveCfg = Debug|x64
		{05882AF3-73D0-4D0E-B03E-04E91339B3A0}.Debug|x64.Build.0 = Debug|x64
		{05882AF3-73D0-4D0E-B03E-04E91339B3A0}.Debug|x86.ActiveCfg = Debug|Win32
		{05882AF3-73D0-4D0E-B03E-04E91339B3A0}.Debug|x86.Build.0 = Debug|Win32
		{05882AF3-73D0-4D0E-B03E-04E91339B3A0}.Release|x64.ActiveCfg = Release|x64
		{05882AF3-73D0-4D0E-B03E-04E91339B3A0}.Release|x64.Build.0 = Release|x64
		{05882AF3-73D0-4D0E-B03E-04E91339B3A0}.Release|x86.ActiveCfg = Release|Win32
		{05882AF3-73D0-4D0E-B03E-04E91339B3A0}.Release|x86.Build.0 = Release|Win32
		{8E008DB5-B435-4FC3-9197-EBE9A4973EA7}.Debug|x64.ActiveCfg = Debug|x64
		{8E008DB5-B435-4FC3-9197-EBE9A4973EA7}.Debug|x64.Build.0 = Debug|x64
		{8E008DB5-B435-4FC3-9197-EBE9A4973EA7}.Debug|x86.ActiveCfg = Debug|Win32
		{8E008DB5-B435-4FC3-9197-EBE9A4973EA7}.Debug|x86.Build.0 = Debug|Win32
		{8E008DB5-B435-4FC3-9197-EBE9A4973EA7}.Release|x64.ActiveCfg = Release|x64
		{8E008DB5-B435-4FC3-9197-EBE9A4973EA7}.Release|x64.Build.0 = Release|x64
		{8E008DB5-B435-4FC3-9197-EBE9A4973EA7}.Release|x86.ActiveCfg = Release|Win32
		{8E008DB5-B435-4FC3-9197-EBE9A4973EA7}.Release|x86.Build.0 = Release|Win32
		{C6610C58-B1DD-445F-8AA4-D3637C86640F}.Debug|x64.ActiveCfg = Debug|x64
		{C6610C58-B1DD-445F-8AA4-D3637C86640F}.Debug|x64.Build.0 = Debug|x64
		{C6610C58-B1DD-445F-8AA4-D3637C86640F}.Debug|x86.ActiveCfg = Debug|Win32
		{C6610C58-B1DD-445F-8AA4-D3637C86640F}.Debug|x86.Build.0 = Debug|Win32
		{C6610C58-B1DD-445F-8AA4-D3637C86640F}.Release|x64.ActiveCfg = Release|x64
		{C6610C58-B1DD-445F-8AA4-D3637C86640F}.Release|x64.Build.0 = Release|x64
		{C6610C58-B1DD-445F-8AA4-D3637C86640F}.Release|x86.ActiveCfg = Release|Win32
		{C6610C58-B1DD-445F-8AA4-D3637C86640F}.Release|x86.Build.0 = Release|Win32
		{62A431B5-5C11-432B-9B11-CC43B7EEDBB5}.Debug|x64.ActiveCfg = Debug|x64
		{62A431B5-5C11-432B-9B11-CC43B7EEDBB5}.Debug|x64.Build.0 = Debug|x64
		{62A431B5-5C11-432B-9B11-CC43B7EEDBB5}.Debug|x86.ActiveCfg = Debug|Win32
		{62A431B5-5C11-432B-9B11-CC43B7EEDBB5}.Debug|x86.Build.0 = Debug|Win32
		{62A431B5-5C11-432B-9B11-CC43B7EEDBB5}.Release|x64.ActiveCfg = Release|x64
		{62A431B5-5C11-432B-9B11-CC43B7EEDBB5}.Release|x64.Build.0 = Release|x64
		{62A431B5-5C11-432B-9B11-CC43B7EEDBB5}.Release|x86.ActiveCfg = Release|Win32
		{62A431B5-5C11-432B-9B11-CC43B7EEDBB5}.Release|x86.Build.0 = Release|Win32
		{E3E0A949-ADE3-475E-8A10-DAF0C40C70A3}.Debug|x64.ActiveCfg = Debug|x64
		{E3E0A949-ADE3-475E-8A10-DAF0C40C70A3}.Debug|x64.Build.0 = Debug|x64
		{E3E0A949-ADE3-475E-8A10-DAF0C40C70A3}.Debug|x86.ActiveCfg = Debug|Win32
		{E3E0A949-ADE3-475E-8A10-DAF0C40C70A3}.Debug|x86.Build.0 = Debug|Win32
		{E3E0A949-ADE3-475E-8A10-DAF0C40C70A3}.Release|x64.ActiveCfg = Release|x64
		{E3E0A949-ADE3-475E-8A10-DAF0C40C70A3}.Release|x64.Build.0 = Release|x64
		{E3E0A949-ADE3-475E-8A10-DAF0C40C70A3}.Release|x86.ActiveCfg = Release|Win32
		{E3E0A949-ADE3-475E-8A10-DAF0C40C70A3}.Release|x86.Build.0 = Release|Win32
		{770E5CA3-2BF6-4D5C-8817-64F9B7654C47}.Debug|x64.ActiveCfg = Debug|x64
		{770E5CA3-2BF6-4D5C-8817-64F9B7654C47}.Debug|x64.Build.0 = Debug|x64
		{770E5CA3-2BF6-4D5C-8817-64F9B7654C47}.Debug|x86.ActiveCfg = Debug|Win32
		{770E5CA3-2BF6-4D5C-8817-64F9B7654C47}.Debug|x86.Build.0 = Debug|Win32
		{770E5CA3-2BF6-4D5C-8817-64F9B7654C47}.Release|x64.ActiveCfg = Release|x64
		{770E5CA3-2BF6-4D5C-8817-64F9B7654C47}.Release|x64.Build.0 = Release|x64
		{770E5CA3-2BF6-4D5C-8817-64F9B7654C47}.Release|x86.ActiveCfg = Release|Win32
		{770E5CA3-2BF6-4D5C-8817-64F9B7654C47}.Release|x86.Build.0 = Release|Win32
		{458A3C8D-C254-46B1-9632-2AC6B7EE24C1}.Debug|x64.ActiveCfg = Debug|x64
		{458A3C8D-C254-46B1-9632-2AC6B7EE24C1}.Debug|x64.Build.0 = Debug|x64
		{458A3C8D-C254-46B1-9632-2AC6B7EE24C1}.Debug|x86.ActiveCfg = Debug|Win32
		{458A3C8D-C254-46B1-9632-2AC6B7EE24C1}.Debug|x86.Build.0 = Debug|Win32
		{458A3C8D-C254-46B1-9632-2AC6B7EE24C1}.Release|x64.ActiveCfg = Release|x64
		{458A3C8D-C254-46B1-9632-2AC6B7EE24C1}.Release|x64.Build.0 = Release|x64
		{458A3C8D-C254-46B1-9632-2AC6B7EE24C1}.Release|x86.ActiveCfg = Release|Win32
		{458A3C8D-C254-46B1-9632-2AC6B7EE24C1}.Release|x86.Build.0 = Release|Win32
		{7792F266-6FDF-4437-B3F2-02A90FECD3E0}.Debug|x64.ActiveCfg = Debug|x64
		{7792F266-6FDF-4437-B3F2-02A90FECD3E0}.Debug|x64.Build.0 = Debug|x64
		{7792F266-6FDF-4437-B3F2-02A90FECD3E0}.Debug|x86.ActiveCfg = Debug|Win32
		{7792F266-6FDF-4437-B3F2-02A90FECD3E0}.Debug|x86.Build.0 = Debug|Win32
		{7792F266-6FDF-4437-B3F2-02A90FECD3E0}.Release|x64.ActiveCfg = Release|x64
		{7792F266-6FDF-4437-B3F2-02A90FECD3E0}.Release|x64.Build.0 = Release|x64
		{7792F266-6FDF-4437-B3F2-02A90FECD3E0}.Release|x86.ActiveCfg = Release|Win32
		{7792F266-6FDF-4437-B3F2-02A90FECD3E0}.Release|x86.Build.0 = Release|Win32
		{1D9B84D7-94DA-4604-AE4E-1AABF13D8D7D}.Debug|x64.ActiveCfg = Debug|x64
		{1D9B84D7-94DA-4604-AE4E-1AABF13D8D7D}.Debug|x64.Build.0 = Debug|x64
		{1D9B84D7-94DA-4604-AE4E-1AABF13D8D7D}.Debug|x86.ActiveCfg = Debug|Win32
		{1D9B84D7-94DA-4604-AE4E-1AABF13D8D7D}.Debug|x86.Build.0 = Debug|Win32
		{1D9B84D7-94DA-4604-AE4E-1AABF13D8D7D}.Release|x64.ActiveCfg = Release|x64
		{1D9B84D7-94DA-4604-AE4E-1AABF13D8D7D}.Release|x64.Build.0 = Release|x64
		{1D9B84D7-94DA-4604-AE4E-1AABF13D8D7D}.Release|x86.ActiveCfg = Release|Win32
		{1D9B84D7-94DA-4604-AE4E-1AABF13D8D7D}.Release|x86.Build.0 = Release|Win32
		{F585808A-3A88-4A21-925B-5FAB1F72AE98}.Debug|x64.ActiveCfg = Debug|x64
		{F585808A-3A88-4A21-925B-5FAB1F72AE98}.Debug|x64.Build.0 = Debug|x64
		{F585808A-3A88-4A21-925B-5FAB1F72AE98}.Debug|x86.ActiveCfg = Debug|Win32
		{F585808A-3A88-4A21-925B-5FAB1F72AE98}.Debug|x86.Build.0 = Debug|Win32
		{F585808A-3A88-4A21-925B-5FAB1F72AE98}.Release|x64.ActiveCfg = Release|x64
		{F585808A-3A88-4A21-925B-5FAB1F72AE98}.Release|x64.Build.0 = Release|x64
		{F585808A-3A88-4A21-925B-5FAB1F72AE98}.Release|x86.ActiveCfg = Release|Win32
		{F585808A-3A88-4A21-925B-5FAB1F72AE98}.Release|x86.Build.0 = Release|Win32
		{3F7ECAF1-0B34-48F7-8228-E16F6B59DBE2}.Debug|x64.ActiveCfg = Debug|x64
		{3F7ECAF1-0B34-48F7-8228-E16F6B59DBE2}.Debug|x64.Build.0 = Debug|x64
		{3F7ECAF1-0B34-48F7-8228-E16F6B59DBE2}.Debug|x86.ActiveCfg = Debug|Win32
		{3F7ECAF1-0B34-48F7-8228-E16F6B59DBE2}.Debug|x86.Build.0 = Debug|Win32
		{3F7ECAF1-0B34-48F7-8228-E16F6B59DBE2}.Release|x64.ActiveCfg = Release|x64
		{3F7ECAF1-0B34-48F7-8228-E16F6B59DBE2}.Release|x64.Build.0 = Release|x64
		{3F7ECAF1-0B34-48F7-8228-E16F6B59DBE2}.Release|x86.ActiveCfg = Release|Win32
		{3F7ECAF1-0B34-48F7-8228-E16F6B59DBE2}.Release|x86.Build.0 = Release|Win32
		{49DA7550-AB0F-4802-80DA-7FF2235E2234}.Debug|x64.ActiveCfg = Debug|x64
		{49DA7550-AB0F-4802-80DA-7FF2235E2234}.Debug|x64.Build.0 = Debug|x64
		{49DA7550-AB0F-4802-80DA-7FF2235E2234}.Debug|x86.ActiveCfg = Debug|Win32
		{49DA7550-AB0F-4802-80DA-7FF2235E2234}.Debug|x86.Build.0 = Debug|Win32
		{49DA7550-AB0F-4802-80DA-7FF2235E2234}.Release|x64.ActiveCfg = Release|x64
		{49DA7550-AB0F-4802-80DA-7FF2235E2234}.Release|x64.Build.0 = Release|x64
		{49DA7550-AB0F-4802-80DA-7FF2235E2234}.Release|x86.ActiveCfg = Release|Win32
		{49DA7550-AB0F-4802-80DA-7FF2235E2234}.Release|x86.Build.0 = Release|Win32
		{7CF865EB-053F-4C16-B6F4-3AA4C3810E86}.Debug|x64.ActiveCfg = Debug|x64
		{7CF865EB-053F-4C16-B6F4-3AA4C3810E86}.Debug|x64.Build.0 = Debug|x64
		{7CF865EB-053F-4C16-B6F4-3AA4C3810E86}.Debug|x86.ActiveCfg = Debug|Win32
		{7CF865EB-053F-4C16-B6F4-3AA4C3810E86}.Debug|x86.Build.0 = Debug|Win32
		{7CF865EB-053F-4C16-B6F4-3AA4C3810E86}.Release|x64.ActiveCfg = Release|x64
		{7CF865EB-053F-4C16-B6F4-3AA4C3810E86}.Release|x64.Build.0 = Release|x64
		{7CF865EB-053F-4C16-B6F4-3AA4C3810E86}.Release|x86.ActiveCfg = Release|Win32
		{7CF865EB-053F-4C16-B6F4-3AA4C3810E86}.Release|x86.Build.0 = Release|Win32
	EndGlobalSection
	GlobalSection(SolutionProperties) = preSolution
		HideSolutionNode = FALSE
	EndGlobalSection
	GlobalSection(ExtensibilityGlobals) = postSolution
		SolutionGuid = {82A824EC-3418-4806-9748-A3F891E7BAC7}
	EndGlobalSection
EndGlobal
